// !$*UTF8*$!
{
	archiveVersion = 1;
	classes = {
	};
	objectVersion = 56;
	objects = {

/* Begin PBXBuildFile section */
		E1A2B88E2926C81600700366 /* WhatzApp_ComicApp.swift in Sources */ = {isa = PBXBuildFile; fileRef = E1A2B88D2926C81600700366 /* WhatzApp_ComicApp.swift */; };
		E1A2B8902926C81600700366 /* ContentView.swift in Sources */ = {isa = PBXBuildFile; fileRef = E1A2B88F2926C81600700366 /* ContentView.swift */; };
		E1A2B8922926C81700700366 /* Assets.xcassets in Resources */ = {isa = PBXBuildFile; fileRef = E1A2B8912926C81700700366 /* Assets.xcassets */; };
		E1A2B8952926C81700700366 /* Preview Assets.xcassets in Resources */ = {isa = PBXBuildFile; fileRef = E1A2B8942926C81700700366 /* Preview Assets.xcassets */; };
		E1A2B89F2926CA5E00700366 /* StatusView.swift in Sources */ = {isa = PBXBuildFile; fileRef = E1A2B89E2926CA5E00700366 /* StatusView.swift */; };
		E1A2B8A12926CA7100700366 /* SettingsView.swift in Sources */ = {isa = PBXBuildFile; fileRef = E1A2B8A02926CA7100700366 /* SettingsView.swift */; };
		E1A2B8A32926CA7F00700366 /* CameraView.swift in Sources */ = {isa = PBXBuildFile; fileRef = E1A2B8A22926CA7F00700366 /* CameraView.swift */; };
		E1A2B8A52926CA9400700366 /* CallsView.swift in Sources */ = {isa = PBXBuildFile; fileRef = E1A2B8A42926CA9400700366 /* CallsView.swift */; };
		E1A2B8A72926CAA600700366 /* ChatView.swift in Sources */ = {isa = PBXBuildFile; fileRef = E1A2B8A62926CAA600700366 /* ChatView.swift */; };
		E1A2B8A92926CAB900700366 /* SingleChatView.swift in Sources */ = {isa = PBXBuildFile; fileRef = E1A2B8A82926CAB900700366 /* SingleChatView.swift */; };
		E1A2B8AB2926CE8900700366 /* CreditView.swift in Sources */ = {isa = PBXBuildFile; fileRef = E1A2B8AA2926CE8900700366 /* CreditView.swift */; };
		E1A2B8AD29278DEB00700366 /* BubbleModel.swift in Sources */ = {isa = PBXBuildFile; fileRef = E1A2B8AC29278DEB00700366 /* BubbleModel.swift */; };
		E1A2B8AF2927A60A00700366 /* RecordModel.swift in Sources */ = {isa = PBXBuildFile; fileRef = E1A2B8AE2927A60A00700366 /* RecordModel.swift */; };
		E1A2B8B129287D9400700366 /* KeyboardView.swift in Sources */ = {isa = PBXBuildFile; fileRef = E1A2B8B029287D9400700366 /* KeyboardView.swift */; };
		E1A2B8B32928FF7B00700366 /* ReactionSpriteKit.swift in Sources */ = {isa = PBXBuildFile; fileRef = E1A2B8B22928FF7B00700366 /* ReactionSpriteKit.swift */; };
		E1A2B8B5292910DA00700366 /* heart.atlas in Resources */ = {isa = PBXBuildFile; fileRef = E1A2B8B4292910DA00700366 /* heart.atlas */; };
		E1A2B8C5292928A500700366 /* like.atlas in Resources */ = {isa = PBXBuildFile; fileRef = E1A2B8C0292928A400700366 /* like.atlas */; };
		E1A2B8C6292928A500700366 /* dislike.atlas in Resources */ = {isa = PBXBuildFile; fileRef = E1A2B8C1292928A400700366 /* dislike.atlas */; };
		E1A2B8C7292928A500700366 /* what.atlas in Resources */ = {isa = PBXBuildFile; fileRef = E1A2B8C2292928A400700366 /* what.atlas */; };
		E1A2B8C8292928A500700366 /* wow.atlas in Resources */ = {isa = PBXBuildFile; fileRef = E1A2B8C3292928A400700366 /* wow.atlas */; };
		E1A2B8C9292928A500700366 /* lol.atlas in Resources */ = {isa = PBXBuildFile; fileRef = E1A2B8C4292928A500700366 /* lol.atlas */; };
		E1A2B8CB292A92F900700366 /* AudioWaveformView.swift in Sources */ = {isa = PBXBuildFile; fileRef = E1A2B8CA292A92F900700366 /* AudioWaveformView.swift */; };
		E1A2B8CF292AB48100700366 /* Loved.wav in Resources */ = {isa = PBXBuildFile; fileRef = E1A2B8CE292AB48100700366 /* Loved.wav */; };
		E1A2B8D1292ADBAB00700366 /* bad.mp3 in Resources */ = {isa = PBXBuildFile; fileRef = E1A2B8D0292ADBAB00700366 /* bad.mp3 */; };
		E1A2B8D6292CD60200700366 /* AudioManager.swift in Sources */ = {isa = PBXBuildFile; fileRef = E1A2B8D5292CD60200700366 /* AudioManager.swift */; };
		E1A2B8DA292CE2EB00700366 /* AUDIO-2022-11-21-06-50-24.m4a in Resources */ = {isa = PBXBuildFile; fileRef = E1A2B8D7292CE2EA00700366 /* AUDIO-2022-11-21-06-50-24.m4a */; };
		E1A2B8DB292CE2EB00700366 /* AUDIO-2022-11-21-07-02-16.m4a in Resources */ = {isa = PBXBuildFile; fileRef = E1A2B8D8292CE2EA00700366 /* AUDIO-2022-11-21-07-02-16.m4a */; };
		E1A2B8DC292CE2EB00700366 /* AUDIO-2022-11-21-13-33-12.m4a in Resources */ = {isa = PBXBuildFile; fileRef = E1A2B8D9292CE2EB00700366 /* AUDIO-2022-11-21-13-33-12.m4a */; };
		E1A2B8DE292D179000700366 /* Extensions.swift in Sources */ = {isa = PBXBuildFile; fileRef = E1A2B8DD292D179000700366 /* Extensions.swift */; };
		E1A2B8E3292E661700700366 /* DSWaveformImage in Frameworks */ = {isa = PBXBuildFile; productRef = E1A2B8E2292E661700700366 /* DSWaveformImage */; };
		E1A2B8FD292E6D4900700366 /* WaveformRenderer.swift in Sources */ = {isa = PBXBuildFile; fileRef = E1A2B8ED292E6D4900700366 /* WaveformRenderer.swift */; };
		E1A2B8FE292E6D4900700366 /* CircularWaveformRenderer.swift in Sources */ = {isa = PBXBuildFile; fileRef = E1A2B8EE292E6D4900700366 /* CircularWaveformRenderer.swift */; };
		E1A2B8FF292E6D4900700366 /* LinearWaveformRenderer.swift in Sources */ = {isa = PBXBuildFile; fileRef = E1A2B8EF292E6D4900700366 /* LinearWaveformRenderer.swift */; };
		E1A2B900292E6D4900700366 /* WaveformImageDrawer+iOS.swift in Sources */ = {isa = PBXBuildFile; fileRef = E1A2B8F0292E6D4900700366 /* WaveformImageDrawer+iOS.swift */; };
		E1A2B901292E6D4900700366 /* WaveformImageDrawer.swift in Sources */ = {isa = PBXBuildFile; fileRef = E1A2B8F1292E6D4900700366 /* WaveformImageDrawer.swift */; };
		E1A2B902292E6D4900700366 /* TempiFFT.swift in Sources */ = {isa = PBXBuildFile; fileRef = E1A2B8F2292E6D4900700366 /* TempiFFT.swift */; };
		E1A2B903292E6D4900700366 /* WaveformImageDrawer+macOS.swift in Sources */ = {isa = PBXBuildFile; fileRef = E1A2B8F3292E6D4900700366 /* WaveformImageDrawer+macOS.swift */; };
		E1A2B904292E6D4900700366 /* WaveformAnalyzer.swift in Sources */ = {isa = PBXBuildFile; fileRef = E1A2B8F4292E6D4900700366 /* WaveformAnalyzer.swift */; };
		E1A2B905292E6D4900700366 /* WaveformImageTypes.swift in Sources */ = {isa = PBXBuildFile; fileRef = E1A2B8F5292E6D4900700366 /* WaveformImageTypes.swift */; };
		E1A2B906292E6D4900700366 /* WaveformLiveView.swift in Sources */ = {isa = PBXBuildFile; fileRef = E1A2B8F8292E6D4900700366 /* WaveformLiveView.swift */; };
		E1A2B907292E6D4900700366 /* WaveformImageView.swift in Sources */ = {isa = PBXBuildFile; fileRef = E1A2B8F9292E6D4900700366 /* WaveformImageView.swift */; };
		E1A2B908292E6D4900700366 /* WaveformView.swift in Sources */ = {isa = PBXBuildFile; fileRef = E1A2B8FB292E6D4900700366 /* WaveformView.swift */; };
		E1A2B909292E6D4900700366 /* WaveformLiveCanvas.swift in Sources */ = {isa = PBXBuildFile; fileRef = E1A2B8FC292E6D4900700366 /* WaveformLiveCanvas.swift */; };
		E1A2B90D292EB24F00700366 /* ReactionAddedView.swift in Sources */ = {isa = PBXBuildFile; fileRef = E1A2B90C292EB24F00700366 /* ReactionAddedView.swift */; };
/* End PBXBuildFile section */

/* Begin PBXFileReference section */
		E1A2B88A2926C81600700366 /* WhatzApp_Comic.app */ = {isa = PBXFileReference; explicitFileType = wrapper.application; includeInIndex = 0; path = WhatzApp_Comic.app; sourceTree = BUILT_PRODUCTS_DIR; };
		E1A2B88D2926C81600700366 /* WhatzApp_ComicApp.swift */ = {isa = PBXFileReference; lastKnownFileType = sourcecode.swift; path = WhatzApp_ComicApp.swift; sourceTree = "<group>"; };
		E1A2B88F2926C81600700366 /* ContentView.swift */ = {isa = PBXFileReference; lastKnownFileType = sourcecode.swift; path = ContentView.swift; sourceTree = "<group>"; };
		E1A2B8912926C81700700366 /* Assets.xcassets */ = {isa = PBXFileReference; lastKnownFileType = folder.assetcatalog; path = Assets.xcassets; sourceTree = "<group>"; };
		E1A2B8942926C81700700366 /* Preview Assets.xcassets */ = {isa = PBXFileReference; lastKnownFileType = folder.assetcatalog; path = "Preview Assets.xcassets"; sourceTree = "<group>"; };
		E1A2B89E2926CA5E00700366 /* StatusView.swift */ = {isa = PBXFileReference; lastKnownFileType = sourcecode.swift; path = StatusView.swift; sourceTree = "<group>"; };
		E1A2B8A02926CA7100700366 /* SettingsView.swift */ = {isa = PBXFileReference; lastKnownFileType = sourcecode.swift; path = SettingsView.swift; sourceTree = "<group>"; };
		E1A2B8A22926CA7F00700366 /* CameraView.swift */ = {isa = PBXFileReference; lastKnownFileType = sourcecode.swift; path = CameraView.swift; sourceTree = "<group>"; };
		E1A2B8A42926CA9400700366 /* CallsView.swift */ = {isa = PBXFileReference; lastKnownFileType = sourcecode.swift; path = CallsView.swift; sourceTree = "<group>"; };
		E1A2B8A62926CAA600700366 /* ChatView.swift */ = {isa = PBXFileReference; lastKnownFileType = sourcecode.swift; path = ChatView.swift; sourceTree = "<group>"; };
		E1A2B8A82926CAB900700366 /* SingleChatView.swift */ = {isa = PBXFileReference; lastKnownFileType = sourcecode.swift; path = SingleChatView.swift; sourceTree = "<group>"; };
		E1A2B8AA2926CE8900700366 /* CreditView.swift */ = {isa = PBXFileReference; lastKnownFileType = sourcecode.swift; path = CreditView.swift; sourceTree = "<group>"; };
		E1A2B8AC29278DEB00700366 /* BubbleModel.swift */ = {isa = PBXFileReference; lastKnownFileType = sourcecode.swift; path = BubbleModel.swift; sourceTree = "<group>"; };
		E1A2B8AE2927A60A00700366 /* RecordModel.swift */ = {isa = PBXFileReference; lastKnownFileType = sourcecode.swift; path = RecordModel.swift; sourceTree = "<group>"; };
		E1A2B8B029287D9400700366 /* KeyboardView.swift */ = {isa = PBXFileReference; lastKnownFileType = sourcecode.swift; path = KeyboardView.swift; sourceTree = "<group>"; };
		E1A2B8B22928FF7B00700366 /* ReactionSpriteKit.swift */ = {isa = PBXFileReference; lastKnownFileType = sourcecode.swift; path = ReactionSpriteKit.swift; sourceTree = "<group>"; };
		E1A2B8B4292910DA00700366 /* heart.atlas */ = {isa = PBXFileReference; lastKnownFileType = folder.skatlas; path = heart.atlas; sourceTree = "<group>"; };
		E1A2B8C0292928A400700366 /* like.atlas */ = {isa = PBXFileReference; lastKnownFileType = folder.skatlas; path = like.atlas; sourceTree = "<group>"; };
		E1A2B8C1292928A400700366 /* dislike.atlas */ = {isa = PBXFileReference; lastKnownFileType = folder.skatlas; path = dislike.atlas; sourceTree = "<group>"; };
		E1A2B8C2292928A400700366 /* what.atlas */ = {isa = PBXFileReference; lastKnownFileType = folder.skatlas; path = what.atlas; sourceTree = "<group>"; };
		E1A2B8C3292928A400700366 /* wow.atlas */ = {isa = PBXFileReference; lastKnownFileType = folder.skatlas; path = wow.atlas; sourceTree = "<group>"; };
		E1A2B8C4292928A500700366 /* lol.atlas */ = {isa = PBXFileReference; lastKnownFileType = folder.skatlas; path = lol.atlas; sourceTree = "<group>"; };
		E1A2B8CA292A92F900700366 /* AudioWaveformView.swift */ = {isa = PBXFileReference; lastKnownFileType = sourcecode.swift; path = AudioWaveformView.swift; sourceTree = "<group>"; };
		E1A2B8CC292A9B5500700366 /* WhatzApp-Comic-Info.plist */ = {isa = PBXFileReference; lastKnownFileType = text.plist; path = "WhatzApp-Comic-Info.plist"; sourceTree = SOURCE_ROOT; };
		E1A2B8CE292AB48100700366 /* Loved.wav */ = {isa = PBXFileReference; lastKnownFileType = audio.wav; path = Loved.wav; sourceTree = "<group>"; };
		E1A2B8D0292ADBAB00700366 /* bad.mp3 */ = {isa = PBXFileReference; lastKnownFileType = audio.mp3; path = bad.mp3; sourceTree = "<group>"; };
		E1A2B8D5292CD60200700366 /* AudioManager.swift */ = {isa = PBXFileReference; lastKnownFileType = sourcecode.swift; path = AudioManager.swift; sourceTree = "<group>"; };
		E1A2B8D7292CE2EA00700366 /* AUDIO-2022-11-21-06-50-24.m4a */ = {isa = PBXFileReference; lastKnownFileType = file; path = "AUDIO-2022-11-21-06-50-24.m4a"; sourceTree = "<group>"; };
		E1A2B8D8292CE2EA00700366 /* AUDIO-2022-11-21-07-02-16.m4a */ = {isa = PBXFileReference; lastKnownFileType = file; path = "AUDIO-2022-11-21-07-02-16.m4a"; sourceTree = "<group>"; };
		E1A2B8D9292CE2EB00700366 /* AUDIO-2022-11-21-13-33-12.m4a */ = {isa = PBXFileReference; lastKnownFileType = file; path = "AUDIO-2022-11-21-13-33-12.m4a"; sourceTree = "<group>"; };
		E1A2B8DD292D179000700366 /* Extensions.swift */ = {isa = PBXFileReference; lastKnownFileType = sourcecode.swift; path = Extensions.swift; sourceTree = "<group>"; };
		E1A2B8ED292E6D4900700366 /* WaveformRenderer.swift */ = {isa = PBXFileReference; fileEncoding = 4; lastKnownFileType = sourcecode.swift; path = WaveformRenderer.swift; sourceTree = "<group>"; };
		E1A2B8EE292E6D4900700366 /* CircularWaveformRenderer.swift */ = {isa = PBXFileReference; fileEncoding = 4; lastKnownFileType = sourcecode.swift; path = CircularWaveformRenderer.swift; sourceTree = "<group>"; };
		E1A2B8EF292E6D4900700366 /* LinearWaveformRenderer.swift */ = {isa = PBXFileReference; fileEncoding = 4; lastKnownFileType = sourcecode.swift; path = LinearWaveformRenderer.swift; sourceTree = "<group>"; };
		E1A2B8F0292E6D4900700366 /* WaveformImageDrawer+iOS.swift */ = {isa = PBXFileReference; fileEncoding = 4; lastKnownFileType = sourcecode.swift; path = "WaveformImageDrawer+iOS.swift"; sourceTree = "<group>"; };
		E1A2B8F1292E6D4900700366 /* WaveformImageDrawer.swift */ = {isa = PBXFileReference; fileEncoding = 4; lastKnownFileType = sourcecode.swift; path = WaveformImageDrawer.swift; sourceTree = "<group>"; };
		E1A2B8F2292E6D4900700366 /* TempiFFT.swift */ = {isa = PBXFileReference; fileEncoding = 4; lastKnownFileType = sourcecode.swift; path = TempiFFT.swift; sourceTree = "<group>"; };
		E1A2B8F3292E6D4900700366 /* WaveformImageDrawer+macOS.swift */ = {isa = PBXFileReference; fileEncoding = 4; lastKnownFileType = sourcecode.swift; path = "WaveformImageDrawer+macOS.swift"; sourceTree = "<group>"; };
		E1A2B8F4292E6D4900700366 /* WaveformAnalyzer.swift */ = {isa = PBXFileReference; fileEncoding = 4; lastKnownFileType = sourcecode.swift; path = WaveformAnalyzer.swift; sourceTree = "<group>"; };
		E1A2B8F5292E6D4900700366 /* WaveformImageTypes.swift */ = {isa = PBXFileReference; fileEncoding = 4; lastKnownFileType = sourcecode.swift; path = WaveformImageTypes.swift; sourceTree = "<group>"; };
		E1A2B8F8292E6D4900700366 /* WaveformLiveView.swift */ = {isa = PBXFileReference; fileEncoding = 4; lastKnownFileType = sourcecode.swift; path = WaveformLiveView.swift; sourceTree = "<group>"; };
		E1A2B8F9292E6D4900700366 /* WaveformImageView.swift */ = {isa = PBXFileReference; fileEncoding = 4; lastKnownFileType = sourcecode.swift; path = WaveformImageView.swift; sourceTree = "<group>"; };
		E1A2B8FB292E6D4900700366 /* WaveformView.swift */ = {isa = PBXFileReference; fileEncoding = 4; lastKnownFileType = sourcecode.swift; path = WaveformView.swift; sourceTree = "<group>"; };
		E1A2B8FC292E6D4900700366 /* WaveformLiveCanvas.swift */ = {isa = PBXFileReference; fileEncoding = 4; lastKnownFileType = sourcecode.swift; path = WaveformLiveCanvas.swift; sourceTree = "<group>"; };
		E1A2B90C292EB24F00700366 /* ReactionAddedView.swift */ = {isa = PBXFileReference; lastKnownFileType = sourcecode.swift; path = ReactionAddedView.swift; sourceTree = "<group>"; };
/* End PBXFileReference section */

/* Begin PBXFrameworksBuildPhase section */
		E1A2B8872926C81600700366 /* Frameworks */ = {
			isa = PBXFrameworksBuildPhase;
			buildActionMask = 2147483647;
			files = (
				E1A2B8E3292E661700700366 /* DSWaveformImage in Frameworks */,
			);
			runOnlyForDeploymentPostprocessing = 0;
		};
/* End PBXFrameworksBuildPhase section */

/* Begin PBXGroup section */
		E1A2B8812926C81600700366 = {
			isa = PBXGroup;
			children = (
				E1A2B88C2926C81600700366 /* WhatzApp_Comic */,
				E1A2B88B2926C81600700366 /* Products */,
			);
			sourceTree = "<group>";
		};
		E1A2B88B2926C81600700366 /* Products */ = {
			isa = PBXGroup;
			children = (
				E1A2B88A2926C81600700366 /* WhatzApp_Comic.app */,
			);
			name = Products;
			sourceTree = "<group>";
		};
		E1A2B88C2926C81600700366 /* WhatzApp_Comic */ = {
			isa = PBXGroup;
			children = (
				E1A2B8D4292C060000700366 /* AudioFiles */,
				E1A2B8CC292A9B5500700366 /* WhatzApp-Comic-Info.plist */,
				E1A2B89C2926C8FD00700366 /* View */,
				E1A2B89B2926C8F000700366 /* Model */,
				E1A2B88D2926C81600700366 /* WhatzApp_ComicApp.swift */,
				E1A2B88F2926C81600700366 /* ContentView.swift */,
				E1A2B8912926C81700700366 /* Assets.xcassets */,
				E1A2B8C1292928A400700366 /* dislike.atlas */,
				E1A2B8C0292928A400700366 /* like.atlas */,
				E1A2B8C4292928A500700366 /* lol.atlas */,
				E1A2B8C2292928A400700366 /* what.atlas */,
				E1A2B8C3292928A400700366 /* wow.atlas */,
				E1A2B8B4292910DA00700366 /* heart.atlas */,
				E1A2B8932926C81700700366 /* Preview Content */,
			);
			path = WhatzApp_Comic;
			sourceTree = "<group>";
		};
		E1A2B8932926C81700700366 /* Preview Content */ = {
			isa = PBXGroup;
			children = (
				E1A2B8942926C81700700366 /* Preview Assets.xcassets */,
			);
			path = "Preview Content";
			sourceTree = "<group>";
		};
		E1A2B89B2926C8F000700366 /* Model */ = {
			isa = PBXGroup;
			children = (
				E1A2B8AC29278DEB00700366 /* BubbleModel.swift */,
				E1A2B8D5292CD60200700366 /* AudioManager.swift */,
				E1A2B8AE2927A60A00700366 /* RecordModel.swift */,
				E1A2B8B22928FF7B00700366 /* ReactionSpriteKit.swift */,
			);
			path = Model;
			sourceTree = "<group>";
		};
		E1A2B89C2926C8FD00700366 /* View */ = {
			isa = PBXGroup;
			children = (
				E1A2B8A62926CAA600700366 /* ChatView.swift */,
				E1A2B8A82926CAB900700366 /* SingleChatView.swift */,
				E1A2B8B029287D9400700366 /* KeyboardView.swift */,
				E1A2B8CA292A92F900700366 /* AudioWaveformView.swift */,
				E1A2B90C292EB24F00700366 /* ReactionAddedView.swift */,
				E1A2B89D2926CA3600700366 /* Static */,
			);
			path = View;
			sourceTree = "<group>";
		};
		E1A2B89D2926CA3600700366 /* Static */ = {
			isa = PBXGroup;
			children = (
				E1A2B8EA292E6D4900700366 /* Sources */,
				E1A2B8E7292E66EA00700366 /* Extensions */,
				E1A2B89E2926CA5E00700366 /* StatusView.swift */,
				E1A2B8AA2926CE8900700366 /* CreditView.swift */,
				E1A2B8A02926CA7100700366 /* SettingsView.swift */,
				E1A2B8A22926CA7F00700366 /* CameraView.swift */,
				E1A2B8A42926CA9400700366 /* CallsView.swift */,
			);
			path = Static;
			sourceTree = "<group>";
		};
		E1A2B8D4292C060000700366 /* AudioFiles */ = {
			isa = PBXGroup;
			children = (
				E1A2B8D7292CE2EA00700366 /* AUDIO-2022-11-21-06-50-24.m4a */,
				E1A2B8D8292CE2EA00700366 /* AUDIO-2022-11-21-07-02-16.m4a */,
				E1A2B8D9292CE2EB00700366 /* AUDIO-2022-11-21-13-33-12.m4a */,
				E1A2B8CE292AB48100700366 /* Loved.wav */,
				E1A2B8D0292ADBAB00700366 /* bad.mp3 */,
			);
			name = AudioFiles;
			path = AudioFiles/AudioFiles;
			sourceTree = "<group>";
		};
		E1A2B8E7292E66EA00700366 /* Extensions */ = {
			isa = PBXGroup;
			children = (
				E1A2B8DD292D179000700366 /* Extensions.swift */,
			);
			path = Extensions;
			sourceTree = "<group>";
		};
		E1A2B8EA292E6D4900700366 /* Sources */ = {
			isa = PBXGroup;
			children = (
				E1A2B8EB292E6D4900700366 /* DSWaveformImage */,
				E1A2B8F6292E6D4900700366 /* DSWaveformImageViews */,
			);
			path = Sources;
			sourceTree = "<group>";
		};
		E1A2B8EB292E6D4900700366 /* DSWaveformImage */ = {
			isa = PBXGroup;
			children = (
				E1A2B8EC292E6D4900700366 /* Renderers */,
				E1A2B8F0292E6D4900700366 /* WaveformImageDrawer+iOS.swift */,
				E1A2B8F1292E6D4900700366 /* WaveformImageDrawer.swift */,
				E1A2B8F2292E6D4900700366 /* TempiFFT.swift */,
				E1A2B8F3292E6D4900700366 /* WaveformImageDrawer+macOS.swift */,
				E1A2B8F4292E6D4900700366 /* WaveformAnalyzer.swift */,
				E1A2B8F5292E6D4900700366 /* WaveformImageTypes.swift */,
			);
			path = DSWaveformImage;
			sourceTree = "<group>";
		};
		E1A2B8EC292E6D4900700366 /* Renderers */ = {
			isa = PBXGroup;
			children = (
				E1A2B8ED292E6D4900700366 /* WaveformRenderer.swift */,
				E1A2B8EE292E6D4900700366 /* CircularWaveformRenderer.swift */,
				E1A2B8EF292E6D4900700366 /* LinearWaveformRenderer.swift */,
			);
			path = Renderers;
			sourceTree = "<group>";
		};
		E1A2B8F6292E6D4900700366 /* DSWaveformImageViews */ = {
			isa = PBXGroup;
			children = (
				E1A2B8F7292E6D4900700366 /* UIKit */,
				E1A2B8FA292E6D4900700366 /* SwiftUI */,
			);
			path = DSWaveformImageViews;
			sourceTree = "<group>";
		};
		E1A2B8F7292E6D4900700366 /* UIKit */ = {
			isa = PBXGroup;
			children = (
				E1A2B8F8292E6D4900700366 /* WaveformLiveView.swift */,
				E1A2B8F9292E6D4900700366 /* WaveformImageView.swift */,
			);
			path = UIKit;
			sourceTree = "<group>";
		};
		E1A2B8FA292E6D4900700366 /* SwiftUI */ = {
			isa = PBXGroup;
			children = (
				E1A2B8FB292E6D4900700366 /* WaveformView.swift */,
				E1A2B8FC292E6D4900700366 /* WaveformLiveCanvas.swift */,
			);
			path = SwiftUI;
			sourceTree = "<group>";
		};
/* End PBXGroup section */

/* Begin PBXNativeTarget section */
		E1A2B8892926C81600700366 /* WhatzApp_Comic */ = {
			isa = PBXNativeTarget;
			buildConfigurationList = E1A2B8982926C81700700366 /* Build configuration list for PBXNativeTarget "WhatzApp_Comic" */;
			buildPhases = (
				E1A2B8862926C81600700366 /* Sources */,
				E1A2B8872926C81600700366 /* Frameworks */,
				E1A2B8882926C81600700366 /* Resources */,
			);
			buildRules = (
			);
			dependencies = (
			);
			name = WhatzApp_Comic;
			packageProductDependencies = (
				E1A2B8E2292E661700700366 /* DSWaveformImage */,
			);
			productName = WhatzApp_Comic;
			productReference = E1A2B88A2926C81600700366 /* WhatzApp_Comic.app */;
			productType = "com.apple.product-type.application";
		};
/* End PBXNativeTarget section */

/* Begin PBXProject section */
		E1A2B8822926C81600700366 /* Project object */ = {
			isa = PBXProject;
			attributes = {
				BuildIndependentTargetsInParallel = 1;
				LastSwiftUpdateCheck = 1410;
				LastUpgradeCheck = 1410;
				TargetAttributes = {
					E1A2B8892926C81600700366 = {
						CreatedOnToolsVersion = 14.1;
					};
				};
			};
			buildConfigurationList = E1A2B8852926C81600700366 /* Build configuration list for PBXProject "WhatzApp_Comic" */;
			compatibilityVersion = "Xcode 14.0";
			developmentRegion = en;
			hasScannedForEncodings = 0;
			knownRegions = (
				en,
				Base,
			);
			mainGroup = E1A2B8812926C81600700366;
			packageReferences = (
				E1A2B8E1292E661700700366 /* XCRemoteSwiftPackageReference "DSWaveformImage" */,
			);
			productRefGroup = E1A2B88B2926C81600700366 /* Products */;
			projectDirPath = "";
			projectRoot = "";
			targets = (
				E1A2B8892926C81600700366 /* WhatzApp_Comic */,
			);
		};
/* End PBXProject section */

/* Begin PBXResourcesBuildPhase section */
		E1A2B8882926C81600700366 /* Resources */ = {
			isa = PBXResourcesBuildPhase;
			buildActionMask = 2147483647;
			files = (
				E1A2B8D1292ADBAB00700366 /* bad.mp3 in Resources */,
				E1A2B8DC292CE2EB00700366 /* AUDIO-2022-11-21-13-33-12.m4a in Resources */,
				E1A2B8B5292910DA00700366 /* heart.atlas in Resources */,
				E1A2B8C6292928A500700366 /* dislike.atlas in Resources */,
				E1A2B8CF292AB48100700366 /* Loved.wav in Resources */,
				E1A2B8DB292CE2EB00700366 /* AUDIO-2022-11-21-07-02-16.m4a in Resources */,
				E1A2B8DA292CE2EB00700366 /* AUDIO-2022-11-21-06-50-24.m4a in Resources */,
				E1A2B8952926C81700700366 /* Preview Assets.xcassets in Resources */,
				E1A2B8C9292928A500700366 /* lol.atlas in Resources */,
				E1A2B8C8292928A500700366 /* wow.atlas in Resources */,
				E1A2B8C5292928A500700366 /* like.atlas in Resources */,
				E1A2B8922926C81700700366 /* Assets.xcassets in Resources */,
				E1A2B8C7292928A500700366 /* what.atlas in Resources */,
			);
			runOnlyForDeploymentPostprocessing = 0;
		};
/* End PBXResourcesBuildPhase section */

/* Begin PBXSourcesBuildPhase section */
		E1A2B8862926C81600700366 /* Sources */ = {
			isa = PBXSourcesBuildPhase;
			buildActionMask = 2147483647;
			files = (
				E1A2B8902926C81600700366 /* ContentView.swift in Sources */,
				E1A2B8AB2926CE8900700366 /* CreditView.swift in Sources */,
				E1A2B903292E6D4900700366 /* WaveformImageDrawer+macOS.swift in Sources */,
				E1A2B8CB292A92F900700366 /* AudioWaveformView.swift in Sources */,
				E1A2B8D6292CD60200700366 /* AudioManager.swift in Sources */,
				E1A2B8A12926CA7100700366 /* SettingsView.swift in Sources */,
				E1A2B88E2926C81600700366 /* WhatzApp_ComicApp.swift in Sources */,
				E1A2B905292E6D4900700366 /* WaveformImageTypes.swift in Sources */,
				E1A2B909292E6D4900700366 /* WaveformLiveCanvas.swift in Sources */,
				E1A2B8A32926CA7F00700366 /* CameraView.swift in Sources */,
				E1A2B8A92926CAB900700366 /* SingleChatView.swift in Sources */,
				E1A2B901292E6D4900700366 /* WaveformImageDrawer.swift in Sources */,
				E1A2B8A72926CAA600700366 /* ChatView.swift in Sources */,
				E1A2B8AD29278DEB00700366 /* BubbleModel.swift in Sources */,
				E1A2B8FD292E6D4900700366 /* WaveformRenderer.swift in Sources */,
				E1A2B8FF292E6D4900700366 /* LinearWaveformRenderer.swift in Sources */,
				E1A2B904292E6D4900700366 /* WaveformAnalyzer.swift in Sources */,
				E1A2B8A52926CA9400700366 /* CallsView.swift in Sources */,
				E1A2B902292E6D4900700366 /* TempiFFT.swift in Sources */,
				E1A2B900292E6D4900700366 /* WaveformImageDrawer+iOS.swift in Sources */,
				E1A2B8FE292E6D4900700366 /* CircularWaveformRenderer.swift in Sources */,
				E1A2B8DE292D179000700366 /* Extensions.swift in Sources */,
				E1A2B906292E6D4900700366 /* WaveformLiveView.swift in Sources */,
				E1A2B8B129287D9400700366 /* KeyboardView.swift in Sources */,
				E1A2B908292E6D4900700366 /* WaveformView.swift in Sources */,
				E1A2B8B32928FF7B00700366 /* ReactionSpriteKit.swift in Sources */,
				E1A2B90D292EB24F00700366 /* ReactionAddedView.swift in Sources */,
				E1A2B8AF2927A60A00700366 /* RecordModel.swift in Sources */,
				E1A2B907292E6D4900700366 /* WaveformImageView.swift in Sources */,
				E1A2B89F2926CA5E00700366 /* StatusView.swift in Sources */,
			);
			runOnlyForDeploymentPostprocessing = 0;
		};
/* End PBXSourcesBuildPhase section */

/* Begin XCBuildConfiguration section */
		E1A2B8962926C81700700366 /* Debug */ = {
			isa = XCBuildConfiguration;
			buildSettings = {
				ALWAYS_SEARCH_USER_PATHS = NO;
				CLANG_ANALYZER_NONNULL = YES;
				CLANG_ANALYZER_NUMBER_OBJECT_CONVERSION = YES_AGGRESSIVE;
				CLANG_CXX_LANGUAGE_STANDARD = "gnu++20";
				CLANG_ENABLE_MODULES = YES;
				CLANG_ENABLE_OBJC_ARC = YES;
				CLANG_ENABLE_OBJC_WEAK = YES;
				CLANG_WARN_BLOCK_CAPTURE_AUTORELEASING = YES;
				CLANG_WARN_BOOL_CONVERSION = YES;
				CLANG_WARN_COMMA = YES;
				CLANG_WARN_CONSTANT_CONVERSION = YES;
				CLANG_WARN_DEPRECATED_OBJC_IMPLEMENTATIONS = YES;
				CLANG_WARN_DIRECT_OBJC_ISA_USAGE = YES_ERROR;
				CLANG_WARN_DOCUMENTATION_COMMENTS = YES;
				CLANG_WARN_EMPTY_BODY = YES;
				CLANG_WARN_ENUM_CONVERSION = YES;
				CLANG_WARN_INFINITE_RECURSION = YES;
				CLANG_WARN_INT_CONVERSION = YES;
				CLANG_WARN_NON_LITERAL_NULL_CONVERSION = YES;
				CLANG_WARN_OBJC_IMPLICIT_RETAIN_SELF = YES;
				CLANG_WARN_OBJC_LITERAL_CONVERSION = YES;
				CLANG_WARN_OBJC_ROOT_CLASS = YES_ERROR;
				CLANG_WARN_QUOTED_INCLUDE_IN_FRAMEWORK_HEADER = YES;
				CLANG_WARN_RANGE_LOOP_ANALYSIS = YES;
				CLANG_WARN_STRICT_PROTOTYPES = YES;
				CLANG_WARN_SUSPICIOUS_MOVE = YES;
				CLANG_WARN_UNGUARDED_AVAILABILITY = YES_AGGRESSIVE;
				CLANG_WARN_UNREACHABLE_CODE = YES;
				CLANG_WARN__DUPLICATE_METHOD_MATCH = YES;
				COPY_PHASE_STRIP = NO;
				DEBUG_INFORMATION_FORMAT = dwarf;
				ENABLE_STRICT_OBJC_MSGSEND = YES;
				ENABLE_TESTABILITY = YES;
				GCC_C_LANGUAGE_STANDARD = gnu11;
				GCC_DYNAMIC_NO_PIC = NO;
				GCC_NO_COMMON_BLOCKS = YES;
				GCC_OPTIMIZATION_LEVEL = 0;
				GCC_PREPROCESSOR_DEFINITIONS = (
					"DEBUG=1",
					"$(inherited)",
				);
				GCC_WARN_64_TO_32_BIT_CONVERSION = YES;
				GCC_WARN_ABOUT_RETURN_TYPE = YES_ERROR;
				GCC_WARN_UNDECLARED_SELECTOR = YES;
				GCC_WARN_UNINITIALIZED_AUTOS = YES_AGGRESSIVE;
				GCC_WARN_UNUSED_FUNCTION = YES;
				GCC_WARN_UNUSED_VARIABLE = YES;
				IPHONEOS_DEPLOYMENT_TARGET = 16.1;
				MTL_ENABLE_DEBUG_INFO = INCLUDE_SOURCE;
				MTL_FAST_MATH = YES;
				ONLY_ACTIVE_ARCH = YES;
				SDKROOT = iphoneos;
				SWIFT_ACTIVE_COMPILATION_CONDITIONS = DEBUG;
				SWIFT_OPTIMIZATION_LEVEL = "-Onone";
			};
			name = Debug;
		};
		E1A2B8972926C81700700366 /* Release */ = {
			isa = XCBuildConfiguration;
			buildSettings = {
				ALWAYS_SEARCH_USER_PATHS = NO;
				CLANG_ANALYZER_NONNULL = YES;
				CLANG_ANALYZER_NUMBER_OBJECT_CONVERSION = YES_AGGRESSIVE;
				CLANG_CXX_LANGUAGE_STANDARD = "gnu++20";
				CLANG_ENABLE_MODULES = YES;
				CLANG_ENABLE_OBJC_ARC = YES;
				CLANG_ENABLE_OBJC_WEAK = YES;
				CLANG_WARN_BLOCK_CAPTURE_AUTORELEASING = YES;
				CLANG_WARN_BOOL_CONVERSION = YES;
				CLANG_WARN_COMMA = YES;
				CLANG_WARN_CONSTANT_CONVERSION = YES;
				CLANG_WARN_DEPRECATED_OBJC_IMPLEMENTATIONS = YES;
				CLANG_WARN_DIRECT_OBJC_ISA_USAGE = YES_ERROR;
				CLANG_WARN_DOCUMENTATION_COMMENTS = YES;
				CLANG_WARN_EMPTY_BODY = YES;
				CLANG_WARN_ENUM_CONVERSION = YES;
				CLANG_WARN_INFINITE_RECURSION = YES;
				CLANG_WARN_INT_CONVERSION = YES;
				CLANG_WARN_NON_LITERAL_NULL_CONVERSION = YES;
				CLANG_WARN_OBJC_IMPLICIT_RETAIN_SELF = YES;
				CLANG_WARN_OBJC_LITERAL_CONVERSION = YES;
				CLANG_WARN_OBJC_ROOT_CLASS = YES_ERROR;
				CLANG_WARN_QUOTED_INCLUDE_IN_FRAMEWORK_HEADER = YES;
				CLANG_WARN_RANGE_LOOP_ANALYSIS = YES;
				CLANG_WARN_STRICT_PROTOTYPES = YES;
				CLANG_WARN_SUSPICIOUS_MOVE = YES;
				CLANG_WARN_UNGUARDED_AVAILABILITY = YES_AGGRESSIVE;
				CLANG_WARN_UNREACHABLE_CODE = YES;
				CLANG_WARN__DUPLICATE_METHOD_MATCH = YES;
				COPY_PHASE_STRIP = NO;
				DEBUG_INFORMATION_FORMAT = "dwarf-with-dsym";
				ENABLE_NS_ASSERTIONS = NO;
				ENABLE_STRICT_OBJC_MSGSEND = YES;
				GCC_C_LANGUAGE_STANDARD = gnu11;
				GCC_NO_COMMON_BLOCKS = YES;
				GCC_WARN_64_TO_32_BIT_CONVERSION = YES;
				GCC_WARN_ABOUT_RETURN_TYPE = YES_ERROR;
				GCC_WARN_UNDECLARED_SELECTOR = YES;
				GCC_WARN_UNINITIALIZED_AUTOS = YES_AGGRESSIVE;
				GCC_WARN_UNUSED_FUNCTION = YES;
				GCC_WARN_UNUSED_VARIABLE = YES;
				IPHONEOS_DEPLOYMENT_TARGET = 16.1;
				MTL_ENABLE_DEBUG_INFO = NO;
				MTL_FAST_MATH = YES;
				SDKROOT = iphoneos;
				SWIFT_COMPILATION_MODE = wholemodule;
				SWIFT_OPTIMIZATION_LEVEL = "-O";
				VALIDATE_PRODUCT = YES;
			};
			name = Release;
		};
		E1A2B8992926C81700700366 /* Debug */ = {
			isa = XCBuildConfiguration;
			buildSettings = {
				ASSETCATALOG_COMPILER_APPICON_NAME = AppIcon;
				ASSETCATALOG_COMPILER_GLOBAL_ACCENT_COLOR_NAME = AccentColor;
				CODE_SIGN_STYLE = Automatic;
				CURRENT_PROJECT_VERSION = 1;
				DEVELOPMENT_ASSET_PATHS = "\"WhatzApp_Comic/Preview Content\"";
				DEVELOPMENT_TEAM = A6GC5K5ERX;
				ENABLE_PREVIEWS = YES;
				GENERATE_INFOPLIST_FILE = YES;
				INFOPLIST_FILE = "WhatzApp-Comic-Info.plist";
				INFOPLIST_KEY_UIApplicationSceneManifest_Generation = YES;
				INFOPLIST_KEY_UIApplicationSupportsIndirectInputEvents = YES;
				INFOPLIST_KEY_UILaunchScreen_Generation = YES;
				INFOPLIST_KEY_UISupportedInterfaceOrientations = "UIInterfaceOrientationLandscapeLeft UIInterfaceOrientationLandscapeRight UIInterfaceOrientationPortrait UIInterfaceOrientationPortraitUpsideDown";
				LD_RUNPATH_SEARCH_PATHS = (
					"$(inherited)",
					"@executable_path/Frameworks",
				);
				MARKETING_VERSION = 1.0;
				PRODUCT_BUNDLE_IDENTIFIER = "sarah.WhatzApp-Comic";
				PRODUCT_NAME = "$(TARGET_NAME)";
				SWIFT_EMIT_LOC_STRINGS = YES;
				SWIFT_VERSION = 5.0;
				TARGETED_DEVICE_FAMILY = "1,2";
			};
			name = Debug;
		};
		E1A2B89A2926C81700700366 /* Release */ = {
			isa = XCBuildConfiguration;
			buildSettings = {
				ASSETCATALOG_COMPILER_APPICON_NAME = AppIcon;
				ASSETCATALOG_COMPILER_GLOBAL_ACCENT_COLOR_NAME = AccentColor;
				CODE_SIGN_STYLE = Automatic;
				CURRENT_PROJECT_VERSION = 1;
				DEVELOPMENT_ASSET_PATHS = "\"WhatzApp_Comic/Preview Content\"";
				DEVELOPMENT_TEAM = A6GC5K5ERX;
				ENABLE_PREVIEWS = YES;
				GENERATE_INFOPLIST_FILE = YES;
				INFOPLIST_FILE = "WhatzApp-Comic-Info.plist";
				INFOPLIST_KEY_UIApplicationSceneManifest_Generation = YES;
				INFOPLIST_KEY_UIApplicationSupportsIndirectInputEvents = YES;
				INFOPLIST_KEY_UILaunchScreen_Generation = YES;
				INFOPLIST_KEY_UISupportedInterfaceOrientations = "UIInterfaceOrientationLandscapeLeft UIInterfaceOrientationLandscapeRight UIInterfaceOrientationPortrait UIInterfaceOrientationPortraitUpsideDown";
				LD_RUNPATH_SEARCH_PATHS = (
					"$(inherited)",
					"@executable_path/Frameworks",
				);
				MARKETING_VERSION = 1.0;
				PRODUCT_BUNDLE_IDENTIFIER = "sarah.WhatzApp-Comic";
				PRODUCT_NAME = "$(TARGET_NAME)";
				SWIFT_EMIT_LOC_STRINGS = YES;
				SWIFT_VERSION = 5.0;
				TARGETED_DEVICE_FAMILY = "1,2";
			};
			name = Release;
		};
/* End XCBuildConfiguration section */

/* Begin XCConfigurationList section */
		E1A2B8852926C81600700366 /* Build configuration list for PBXProject "WhatzApp_Comic" */ = {
			isa = XCConfigurationList;
			buildConfigurations = (
				E1A2B8962926C81700700366 /* Debug */,
				E1A2B8972926C81700700366 /* Release */,
			);
			defaultConfigurationIsVisible = 0;
			defaultConfigurationName = Release;
		};
		E1A2B8982926C81700700366 /* Build configuration list for PBXNativeTarget "WhatzApp_Comic" */ = {
			isa = XCConfigurationList;
			buildConfigurations = (
				E1A2B8992926C81700700366 /* Debug */,
				E1A2B89A2926C81700700366 /* Release */,
			);
			defaultConfigurationIsVisible = 0;
			defaultConfigurationName = Release;
		};
/* End XCConfigurationList section */

/* Begin XCRemoteSwiftPackageReference section */
		E1A2B8E1292E661700700366 /* XCRemoteSwiftPackageReference "DSWaveformImage" */ = {
			isa = XCRemoteSwiftPackageReference;
			repositoryURL = "https://github.com/dmrschmidt/DSWaveformImage.git";
			requirement = {
				kind = upToNextMajorVersion;
				minimumVersion = 9.0.0;
			};
		};
/* End XCRemoteSwiftPackageReference section */

/* Begin XCSwiftPackageProductDependency section */
		E1A2B8E2292E661700700366 /* DSWaveformImage */ = {
			isa = XCSwiftPackageProductDependency;
			package = E1A2B8E1292E661700700366 /* XCRemoteSwiftPackageReference "DSWaveformImage" */;
			productName = DSWaveformImage;
		};
/* End XCSwiftPackageProductDependency section */
	};
	rootObject = E1A2B8822926C81600700366 /* Project object */;
}
